
Microsoft Visual Studio Solution File, Format Version 12.00
# Visual Studio Version 16
VisualStudioVersion = 16.0.30804.86
MinimumVisualStudioVersion = 10.0.40219.1
Project("{FAE04EC0-301F-11D3-BF4B-00C04F79EFBC}") = "ViewRemaster_Tools", "ViewRemaster_Tools\ViewRemaster_Tools.csproj", "{5BBBFFC5-71E9-43F9-8874-98F98DDE70A5}"
EndProject
Project("{FAE04EC0-301F-11D3-BF4B-00C04F79EFBC}") = "ViewRemaser_Capture", "ViewRemaser_Capture\ViewRemaser_Capture.csproj", "{A04BDBD7-7784-4ACD-AE06-B5DA9C8A89B7}"
	ProjectSection(ProjectDependencies) = postProject
		{5BBBFFC5-71E9-43F9-8874-98F98DDE70A5} = {5BBBFFC5-71E9-43F9-8874-98F98DDE70A5}
	EndProjectSection
EndProject
Global
	GlobalSection(SolutionConfigurationPlatforms) = preSolution
		Debug|Any CPU = Debug|Any CPU
		Release|Any CPU = Release|Any CPU
	EndGlobalSection
	GlobalSection(ProjectConfigurationPlatforms) = postSolution
		{5BBBFFC5-71E9-43F9-8874-98F98DDE70A5}.Debug|Any CPU.ActiveCfg = Debug|Any CPU
		{5BBBFFC5-71E9-43F9-8874-98F98DDE70A5}.Debug|Any CPU.Build.0 = Debug|Any CPU
		{5BBBFFC5-71E9-43F9-8874-98F98DDE70A5}.Release|Any CPU.ActiveCfg = Release|Any CPU
		{5BBBFFC5-71E9-43F9-8874-98F98DDE70A5}.Release|Any CPU.Build.0 = Release|Any CPU
		{A04BDBD7-7784-4ACD-AE06-B5DA9C8A89B7}.Debug|Any CPU.ActiveCfg = Debug|Any CPU
		{A04BDBD7-7784-4ACD-AE06-B5DA9C8A89B7}.Debug|Any CPU.Build.0 = Debug|Any CPU
		{A04BDBD7-7784-4ACD-AE06-B5DA9C8A89B7}.Release|Any CPU.ActiveCfg = Release|Any CPU
		{A04BDBD7-7784-4ACD-AE06-B5DA9C8A89B7}.Release|Any CPU.Build.0 = Release|Any CPU
	EndGlobalSection
	GlobalSection(SolutionProperties) = preSolution
		HideSolutionNode = FALSE
	EndGlobalSection
	GlobalSection(ExtensibilityGlobals) = postSolution
		SolutionGuid = {FF53430C-7051-4998-93D6-11D0899FFCA7}
	EndGlobalSection
EndGlobal
